// !$*UTF8*$!
{
	archiveVersion = 1;
	classes = {
	};
	objectVersion = 56;
	objects = {

/* Begin PBXBuildFile section */
		D0791CD728F086B300008750 /* RectangleMark+PointMarkView.swift in Sources */ = {isa = PBXBuildFile; fileRef = D0791CD628F086B300008750 /* RectangleMark+PointMarkView.swift */; };
		D0791CD928F086D800008750 /* Coord.swift in Sources */ = {isa = PBXBuildFile; fileRef = D0791CD828F086D800008750 /* Coord.swift */; };
		D0791CDB28F0870900008750 /* CoordViewModel.swift in Sources */ = {isa = PBXBuildFile; fileRef = D0791CDA28F0870900008750 /* CoordViewModel.swift */; };
		D0E65B9028EF24F00009B217 /* MenuSymbolButton.swift in Sources */ = {isa = PBXBuildFile; fileRef = D0E65B8F28EF24F00009B217 /* MenuSymbolButton.swift */; };
		D0EC35CF28CB7ED80080FEC3 /* SwiftChartsDemoApp.swift in Sources */ = {isa = PBXBuildFile; fileRef = D0EC35CE28CB7ED80080FEC3 /* SwiftChartsDemoApp.swift */; };
		D0EC35D128CB7ED80080FEC3 /* ContentView.swift in Sources */ = {isa = PBXBuildFile; fileRef = D0EC35D028CB7ED80080FEC3 /* ContentView.swift */; };
		D0EC35D328CB7ED90080FEC3 /* Assets.xcassets in Resources */ = {isa = PBXBuildFile; fileRef = D0EC35D228CB7ED90080FEC3 /* Assets.xcassets */; };
		D0EC35D628CB7ED90080FEC3 /* Preview Assets.xcassets in Resources */ = {isa = PBXBuildFile; fileRef = D0EC35D528CB7ED90080FEC3 /* Preview Assets.xcassets */; };
		D0EC35E028CB88640080FEC3 /* MatrixEntry.swift in Sources */ = {isa = PBXBuildFile; fileRef = D0EC35DF28CB88640080FEC3 /* MatrixEntry.swift */; };
		D0EC35E228CB88BE0080FEC3 /* MatrixEntryViewModel.swift in Sources */ = {isa = PBXBuildFile; fileRef = D0EC35E128CB88BE0080FEC3 /* MatrixEntryViewModel.swift */; };
		D0EC35E428CB892F0080FEC3 /* BarMarkView.swift in Sources */ = {isa = PBXBuildFile; fileRef = D0EC35E328CB892F0080FEC3 /* BarMarkView.swift */; };
		D0EC35E628CB8F000080FEC3 /* AreaMarkView.swift in Sources */ = {isa = PBXBuildFile; fileRef = D0EC35E528CB8F000080FEC3 /* AreaMarkView.swift */; };
		D0EC35E828CB8F710080FEC3 /* LineMarkView.swift in Sources */ = {isa = PBXBuildFile; fileRef = D0EC35E728CB8F710080FEC3 /* LineMarkView.swift */; };
		D0EC35EA28CB8FC40080FEC3 /* PointMarkView.swift in Sources */ = {isa = PBXBuildFile; fileRef = D0EC35E928CB8FC40080FEC3 /* PointMarkView.swift */; };
		D0EC35EC28CB90B50080FEC3 /* RectangleMarkView.swift in Sources */ = {isa = PBXBuildFile; fileRef = D0EC35EB28CB90B50080FEC3 /* RectangleMarkView.swift */; };
		D0EC35EE28CB910A0080FEC3 /* RuleMarkView.swift in Sources */ = {isa = PBXBuildFile; fileRef = D0EC35ED28CB910A0080FEC3 /* RuleMarkView.swift */; };
		D0EC35F428CC554E0080FEC3 /* StockEntity.swift in Sources */ = {isa = PBXBuildFile; fileRef = D0EC35F328CC554E0080FEC3 /* StockEntity.swift */; };
		D0EC35F628CC57700080FEC3 /* StockEntityViewModel.swift in Sources */ = {isa = PBXBuildFile; fileRef = D0EC35F528CC57700080FEC3 /* StockEntityViewModel.swift */; };
/* End PBXBuildFile section */

/* Begin PBXFileReference section */
		D0791CD628F086B300008750 /* RectangleMark+PointMarkView.swift */ = {isa = PBXFileReference; lastKnownFileType = sourcecode.swift; path = "RectangleMark+PointMarkView.swift"; sourceTree = "<group>"; };
		D0791CD828F086D800008750 /* Coord.swift */ = {isa = PBXFileReference; lastKnownFileType = sourcecode.swift; path = Coord.swift; sourceTree = "<group>"; };
		D0791CDA28F0870900008750 /* CoordViewModel.swift */ = {isa = PBXFileReference; lastKnownFileType = sourcecode.swift; path = CoordViewModel.swift; sourceTree = "<group>"; };
		D0E65B8F28EF24F00009B217 /* MenuSymbolButton.swift */ = {isa = PBXFileReference; lastKnownFileType = sourcecode.swift; path = MenuSymbolButton.swift; sourceTree = "<group>"; };
		D0EC35CB28CB7ED80080FEC3 /* SwiftChartsDemo.app */ = {isa = PBXFileReference; explicitFileType = wrapper.application; includeInIndex = 0; path = SwiftChartsDemo.app; sourceTree = BUILT_PRODUCTS_DIR; };
		D0EC35CE28CB7ED80080FEC3 /* SwiftChartsDemoApp.swift */ = {isa = PBXFileReference; lastKnownFileType = sourcecode.swift; path = SwiftChartsDemoApp.swift; sourceTree = "<group>"; };
		D0EC35D028CB7ED80080FEC3 /* ContentView.swift */ = {isa = PBXFileReference; lastKnownFileType = sourcecode.swift; path = ContentView.swift; sourceTree = "<group>"; };
		D0EC35D228CB7ED90080FEC3 /* Assets.xcassets */ = {isa = PBXFileReference; lastKnownFileType = folder.assetcatalog; path = Assets.xcassets; sourceTree = "<group>"; };
		D0EC35D528CB7ED90080FEC3 /* Preview Assets.xcassets */ = {isa = PBXFileReference; lastKnownFileType = folder.assetcatalog; path = "Preview Assets.xcassets"; sourceTree = "<group>"; };
		D0EC35DF28CB88640080FEC3 /* MatrixEntry.swift */ = {isa = PBXFileReference; lastKnownFileType = sourcecode.swift; path = MatrixEntry.swift; sourceTree = "<group>"; };
		D0EC35E128CB88BE0080FEC3 /* MatrixEntryViewModel.swift */ = {isa = PBXFileReference; lastKnownFileType = sourcecode.swift; path = MatrixEntryViewModel.swift; sourceTree = "<group>"; };
		D0EC35E328CB892F0080FEC3 /* BarMarkView.swift */ = {isa = PBXFileReference; lastKnownFileType = sourcecode.swift; path = BarMarkView.swift; sourceTree = "<group>"; };
		D0EC35E528CB8F000080FEC3 /* AreaMarkView.swift */ = {isa = PBXFileReference; lastKnownFileType = sourcecode.swift; path = AreaMarkView.swift; sourceTree = "<group>"; };
		D0EC35E728CB8F710080FEC3 /* LineMarkView.swift */ = {isa = PBXFileReference; lastKnownFileType = sourcecode.swift; path = LineMarkView.swift; sourceTree = "<group>"; };
		D0EC35E928CB8FC40080FEC3 /* PointMarkView.swift */ = {isa = PBXFileReference; lastKnownFileType = sourcecode.swift; path = PointMarkView.swift; sourceTree = "<group>"; };
		D0EC35EB28CB90B50080FEC3 /* RectangleMarkView.swift */ = {isa = PBXFileReference; lastKnownFileType = sourcecode.swift; path = RectangleMarkView.swift; sourceTree = "<group>"; };
		D0EC35ED28CB910A0080FEC3 /* RuleMarkView.swift */ = {isa = PBXFileReference; lastKnownFileType = sourcecode.swift; path = RuleMarkView.swift; sourceTree = "<group>"; };
		D0EC35F328CC554E0080FEC3 /* StockEntity.swift */ = {isa = PBXFileReference; lastKnownFileType = sourcecode.swift; path = StockEntity.swift; sourceTree = "<group>"; };
		D0EC35F528CC57700080FEC3 /* StockEntityViewModel.swift */ = {isa = PBXFileReference; lastKnownFileType = sourcecode.swift; path = StockEntityViewModel.swift; sourceTree = "<group>"; };
/* End PBXFileReference section */

/* Begin PBXFrameworksBuildPhase section */
		D0EC35C828CB7ED80080FEC3 /* Frameworks */ = {
			isa = PBXFrameworksBuildPhase;
			buildActionMask = 2147483647;
			files = (
			);
			runOnlyForDeploymentPostprocessing = 0;
		};
/* End PBXFrameworksBuildPhase section */

/* Begin PBXGroup section */
		D0EC35C228CB7ED80080FEC3 = {
			isa = PBXGroup;
			children = (
				D0EC35CD28CB7ED80080FEC3 /* SwiftChartsDemo */,
				D0EC35CC28CB7ED80080FEC3 /* Products */,
			);
			sourceTree = "<group>";
		};
		D0EC35CC28CB7ED80080FEC3 /* Products */ = {
			isa = PBXGroup;
			children = (
				D0EC35CB28CB7ED80080FEC3 /* SwiftChartsDemo.app */,
			);
			name = Products;
			sourceTree = "<group>";
		};
		D0EC35CD28CB7ED80080FEC3 /* SwiftChartsDemo */ = {
			isa = PBXGroup;
			children = (
				D0EC35DC28CB85D70080FEC3 /* Model */,
				D0EC35DD28CB85DD0080FEC3 /* ViewModel */,
				D0EC35DE28CB85E80080FEC3 /* View */,
				D0EC35CE28CB7ED80080FEC3 /* SwiftChartsDemoApp.swift */,
				D0EC35D228CB7ED90080FEC3 /* Assets.xcassets */,
				D0EC35D428CB7ED90080FEC3 /* Preview Content */,
			);
			path = SwiftChartsDemo;
			sourceTree = "<group>";
		};
		D0EC35D428CB7ED90080FEC3 /* Preview Content */ = {
			isa = PBXGroup;
			children = (
				D0EC35D528CB7ED90080FEC3 /* Preview Assets.xcassets */,
			);
			path = "Preview Content";
			sourceTree = "<group>";
		};
		D0EC35DC28CB85D70080FEC3 /* Model */ = {
			isa = PBXGroup;
			children = (
				D0EC35DF28CB88640080FEC3 /* MatrixEntry.swift */,
				D0EC35F328CC554E0080FEC3 /* StockEntity.swift */,
				D0791CD828F086D800008750 /* Coord.swift */,
			);
			path = Model;
			sourceTree = "<group>";
		};
		D0EC35DD28CB85DD0080FEC3 /* ViewModel */ = {
			isa = PBXGroup;
			children = (
				D0EC35E128CB88BE0080FEC3 /* MatrixEntryViewModel.swift */,
				D0EC35F528CC57700080FEC3 /* StockEntityViewModel.swift */,
				D0791CDA28F0870900008750 /* CoordViewModel.swift */,
			);
			path = ViewModel;
			sourceTree = "<group>";
		};
		D0EC35DE28CB85E80080FEC3 /* View */ = {
			isa = PBXGroup;
			children = (
				D0EC35D028CB7ED80080FEC3 /* ContentView.swift */,
				D0EC35E528CB8F000080FEC3 /* AreaMarkView.swift */,
				D0EC35E728CB8F710080FEC3 /* LineMarkView.swift */,
				D0EC35E928CB8FC40080FEC3 /* PointMarkView.swift */,
				D0EC35EB28CB90B50080FEC3 /* RectangleMarkView.swift */,
				D0791CD628F086B300008750 /* RectangleMark+PointMarkView.swift */,
				D0EC35ED28CB910A0080FEC3 /* RuleMarkView.swift */,
				D0EC35E328CB892F0080FEC3 /* BarMarkView.swift */,
				D0E65B8F28EF24F00009B217 /* MenuSymbolButton.swift */,
			);
			path = View;
			sourceTree = "<group>";
		};
/* End PBXGroup section */

/* Begin PBXNativeTarget section */
		D0EC35CA28CB7ED80080FEC3 /* SwiftChartsDemo */ = {
			isa = PBXNativeTarget;
			buildConfigurationList = D0EC35D928CB7ED90080FEC3 /* Build configuration list for PBXNativeTarget "SwiftChartsDemo" */;
			buildPhases = (
				D0EC35C728CB7ED80080FEC3 /* Sources */,
				D0EC35C828CB7ED80080FEC3 /* Frameworks */,
				D0EC35C928CB7ED80080FEC3 /* Resources */,
			);
			buildRules = (
			);
			dependencies = (
			);
			name = SwiftChartsDemo;
			productName = SwiftChartsDemo;
			productReference = D0EC35CB28CB7ED80080FEC3 /* SwiftChartsDemo.app */;
			productType = "com.apple.product-type.application";
		};
/* End PBXNativeTarget section */

/* Begin PBXProject section */
		D0EC35C328CB7ED80080FEC3 /* Project object */ = {
			isa = PBXProject;
			attributes = {
				BuildIndependentTargetsInParallel = 1;
				LastSwiftUpdateCheck = 1400;
				LastUpgradeCheck = 1400;
				TargetAttributes = {
					D0EC35CA28CB7ED80080FEC3 = {
						CreatedOnToolsVersion = 14.0;
					};
				};
			};
			buildConfigurationList = D0EC35C628CB7ED80080FEC3 /* Build configuration list for PBXProject "SwiftChartsDemo" */;
			compatibilityVersion = "Xcode 14.0";
			developmentRegion = en;
			hasScannedForEncodings = 0;
			knownRegions = (
				en,
				Base,
			);
			mainGroup = D0EC35C228CB7ED80080FEC3;
			productRefGroup = D0EC35CC28CB7ED80080FEC3 /* Products */;
			projectDirPath = "";
			projectRoot = "";
			targets = (
				D0EC35CA28CB7ED80080FEC3 /* SwiftChartsDemo */,
			);
		};
/* End PBXProject section */

/* Begin PBXResourcesBuildPhase section */
		D0EC35C928CB7ED80080FEC3 /* Resources */ = {
			isa = PBXResourcesBuildPhase;
			buildActionMask = 2147483647;
			files = (
				D0EC35D628CB7ED90080FEC3 /* Preview Assets.xcassets in Resources */,
				D0EC35D328CB7ED90080FEC3 /* Assets.xcassets in Resources */,
			);
			runOnlyForDeploymentPostprocessing = 0;
		};
/* End PBXResourcesBuildPhase section */

/* Begin PBXSourcesBuildPhase section */
		D0EC35C728CB7ED80080FEC3 /* Sources */ = {
			isa = PBXSourcesBuildPhase;
			buildActionMask = 2147483647;
			files = (
				D0EC35F428CC554E0080FEC3 /* StockEntity.swift in Sources */,
				D0EC35D128CB7ED80080FEC3 /* ContentView.swift in Sources */,
				D0791CDB28F0870900008750 /* CoordViewModel.swift in Sources */,
				D0EC35CF28CB7ED80080FEC3 /* SwiftChartsDemoApp.swift in Sources */,
				D0EC35E428CB892F0080FEC3 /* BarMarkView.swift in Sources */,
				D0EC35F628CC57700080FEC3 /* StockEntityViewModel.swift in Sources */,
				D0EC35E828CB8F710080FEC3 /* LineMarkView.swift in Sources */,
				D0791CD928F086D800008750 /* Coord.swift in Sources */,
				D0EC35E028CB88640080FEC3 /* MatrixEntry.swift in Sources */,
				D0EC35E628CB8F000080FEC3 /* AreaMarkView.swift in Sources */,
				D0EC35EA28CB8FC40080FEC3 /* PointMarkView.swift in Sources */,
				D0E65B9028EF24F00009B217 /* MenuSymbolButton.swift in Sources */,
				D0EC35EE28CB910A0080FEC3 /* RuleMarkView.swift in Sources */,
				D0791CD728F086B300008750 /* RectangleMark+PointMarkView.swift in Sources */,
				D0EC35EC28CB90B50080FEC3 /* RectangleMarkView.swift in Sources */,
				D0EC35E228CB88BE0080FEC3 /* MatrixEntryViewModel.swift in Sources */,
			);
			runOnlyForDeploymentPostprocessing = 0;
		};
/* End PBXSourcesBuildPhase section */

/* Begin XCBuildConfiguration section */
		D0EC35D728CB7ED90080FEC3 /* Debug */ = {
			isa = XCBuildConfiguration;
			buildSettings = {
				ALWAYS_SEARCH_USER_PATHS = NO;
				CLANG_ANALYZER_NONNULL = YES;
				CLANG_ANALYZER_NUMBER_OBJECT_CONVERSION = YES_AGGRESSIVE;
				CLANG_CXX_LANGUAGE_STANDARD = "gnu++20";
				CLANG_ENABLE_MODULES = YES;
				CLANG_ENABLE_OBJC_ARC = YES;
				CLANG_ENABLE_OBJC_WEAK = YES;
				CLANG_WARN_BLOCK_CAPTURE_AUTORELEASING = YES;
				CLANG_WARN_BOOL_CONVERSION = YES;
				CLANG_WARN_COMMA = YES;
				CLANG_WARN_CONSTANT_CONVERSION = YES;
				CLANG_WARN_DEPRECATED_OBJC_IMPLEMENTATIONS = YES;
				CLANG_WARN_DIRECT_OBJC_ISA_USAGE = YES_ERROR;
				CLANG_WARN_DOCUMENTATION_COMMENTS = YES;
				CLANG_WARN_EMPTY_BODY = YES;
				CLANG_WARN_ENUM_CONVERSION = YES;
				CLANG_WARN_INFINITE_RECURSION = YES;
				CLANG_WARN_INT_CONVERSION = YES;
				CLANG_WARN_NON_LITERAL_NULL_CONVERSION = YES;
				CLANG_WARN_OBJC_IMPLICIT_RETAIN_SELF = YES;
				CLANG_WARN_OBJC_LITERAL_CONVERSION = YES;
				CLANG_WARN_OBJC_ROOT_CLASS = YES_ERROR;
				CLANG_WARN_QUOTED_INCLUDE_IN_FRAMEWORK_HEADER = YES;
				CLANG_WARN_RANGE_LOOP_ANALYSIS = YES;
				CLANG_WARN_STRICT_PROTOTYPES = YES;
				CLANG_WARN_SUSPICIOUS_MOVE = YES;
				CLANG_WARN_UNGUARDED_AVAILABILITY = YES_AGGRESSIVE;
				CLANG_WARN_UNREACHABLE_CODE = YES;
				CLANG_WARN__DUPLICATE_METHOD_MATCH = YES;
				COPY_PHASE_STRIP = NO;
				DEBUG_INFORMATION_FORMAT = dwarf;
				ENABLE_STRICT_OBJC_MSGSEND = YES;
				ENABLE_TESTABILITY = YES;
				GCC_C_LANGUAGE_STANDARD = gnu11;
				GCC_DYNAMIC_NO_PIC = NO;
				GCC_NO_COMMON_BLOCKS = YES;
				GCC_OPTIMIZATION_LEVEL = 0;
				GCC_PREPROCESSOR_DEFINITIONS = (
					"DEBUG=1",
					"$(inherited)",
				);
				GCC_WARN_64_TO_32_BIT_CONVERSION = YES;
				GCC_WARN_ABOUT_RETURN_TYPE = YES_ERROR;
				GCC_WARN_UNDECLARED_SELECTOR = YES;
				GCC_WARN_UNINITIALIZED_AUTOS = YES_AGGRESSIVE;
				GCC_WARN_UNUSED_FUNCTION = YES;
				GCC_WARN_UNUSED_VARIABLE = YES;
				IPHONEOS_DEPLOYMENT_TARGET = 16.0;
				MTL_ENABLE_DEBUG_INFO = INCLUDE_SOURCE;
				MTL_FAST_MATH = YES;
				ONLY_ACTIVE_ARCH = YES;
				SDKROOT = iphoneos;
				SWIFT_ACTIVE_COMPILATION_CONDITIONS = DEBUG;
				SWIFT_OPTIMIZATION_LEVEL = "-Onone";
			};
			name = Debug;
		};
		D0EC35D828CB7ED90080FEC3 /* Release */ = {
			isa = XCBuildConfiguration;
			buildSettings = {
				ALWAYS_SEARCH_USER_PATHS = NO;
				CLANG_ANALYZER_NONNULL = YES;
				CLANG_ANALYZER_NUMBER_OBJECT_CONVERSION = YES_AGGRESSIVE;
				CLANG_CXX_LANGUAGE_STANDARD = "gnu++20";
				CLANG_ENABLE_MODULES = YES;
				CLANG_ENABLE_OBJC_ARC = YES;
				CLANG_ENABLE_OBJC_WEAK = YES;
				CLANG_WARN_BLOCK_CAPTURE_AUTORELEASING = YES;
				CLANG_WARN_BOOL_CONVERSION = YES;
				CLANG_WARN_COMMA = YES;
				CLANG_WARN_CONSTANT_CONVERSION = YES;
				CLANG_WARN_DEPRECATED_OBJC_IMPLEMENTATIONS = YES;
				CLANG_WARN_DIRECT_OBJC_ISA_USAGE = YES_ERROR;
				CLANG_WARN_DOCUMENTATION_COMMENTS = YES;
				CLANG_WARN_EMPTY_BODY = YES;
				CLANG_WARN_ENUM_CONVERSION = YES;
				CLANG_WARN_INFINITE_RECURSION = YES;
				CLANG_WARN_INT_CONVERSION = YES;
				CLANG_WARN_NON_LITERAL_NULL_CONVERSION = YES;
				CLANG_WARN_OBJC_IMPLICIT_RETAIN_SELF = YES;
				CLANG_WARN_OBJC_LITERAL_CONVERSION = YES;
				CLANG_WARN_OBJC_ROOT_CLASS = YES_ERROR;
				CLANG_WARN_QUOTED_INCLUDE_IN_FRAMEWORK_HEADER = YES;
				CLANG_WARN_RANGE_LOOP_ANALYSIS = YES;
				CLANG_WARN_STRICT_PROTOTYPES = YES;
				CLANG_WARN_SUSPICIOUS_MOVE = YES;
				CLANG_WARN_UNGUARDED_AVAILABILITY = YES_AGGRESSIVE;
				CLANG_WARN_UNREACHABLE_CODE = YES;
				CLANG_WARN__DUPLICATE_METHOD_MATCH = YES;
				COPY_PHASE_STRIP = NO;
				DEBUG_INFORMATION_FORMAT = "dwarf-with-dsym";
				ENABLE_NS_ASSERTIONS = NO;
				ENABLE_STRICT_OBJC_MSGSEND = YES;
				GCC_C_LANGUAGE_STANDARD = gnu11;
				GCC_NO_COMMON_BLOCKS = YES;
				GCC_WARN_64_TO_32_BIT_CONVERSION = YES;
				GCC_WARN_ABOUT_RETURN_TYPE = YES_ERROR;
				GCC_WARN_UNDECLARED_SELECTOR = YES;
				GCC_WARN_UNINITIALIZED_AUTOS = YES_AGGRESSIVE;
				GCC_WARN_UNUSED_FUNCTION = YES;
				GCC_WARN_UNUSED_VARIABLE = YES;
				IPHONEOS_DEPLOYMENT_TARGET = 16.0;
				MTL_ENABLE_DEBUG_INFO = NO;
				MTL_FAST_MATH = YES;
				SDKROOT = iphoneos;
				SWIFT_COMPILATION_MODE = wholemodule;
				SWIFT_OPTIMIZATION_LEVEL = "-O";
				VALIDATE_PRODUCT = YES;
			};
			name = Release;
		};
		D0EC35DA28CB7ED90080FEC3 /* Debug */ = {
			isa = XCBuildConfiguration;
			buildSettings = {
				ASSETCATALOG_COMPILER_APPICON_NAME = AppIcon;
				ASSETCATALOG_COMPILER_GLOBAL_ACCENT_COLOR_NAME = AccentColor;
				CODE_SIGN_STYLE = Automatic;
				CURRENT_PROJECT_VERSION = 1;
				DEVELOPMENT_ASSET_PATHS = "\"SwiftChartsDemo/Preview Content\"";
				DEVELOPMENT_TEAM = S8FBP4YLUA;
				ENABLE_PREVIEWS = YES;
				GENERATE_INFOPLIST_FILE = YES;
				INFOPLIST_KEY_UIApplicationSceneManifest_Generation = YES;
				INFOPLIST_KEY_UIApplicationSupportsIndirectInputEvents = YES;
				INFOPLIST_KEY_UILaunchScreen_Generation = YES;
				INFOPLIST_KEY_UISupportedInterfaceOrientations_iPad = "UIInterfaceOrientationPortrait UIInterfaceOrientationPortraitUpsideDown UIInterfaceOrientationLandscapeLeft UIInterfaceOrientationLandscapeRight";
				INFOPLIST_KEY_UISupportedInterfaceOrientations_iPhone = "UIInterfaceOrientationPortrait UIInterfaceOrientationLandscapeLeft UIInterfaceOrientationLandscapeRight";
				LD_RUNPATH_SEARCH_PATHS = (
					"$(inherited)",
					"@executable_path/Frameworks",
				);
				MARKETING_VERSION = 1.0;
				PRODUCT_BUNDLE_IDENTIFIER = com.leoho.SwiftChartsDemo;
				PRODUCT_NAME = "$(TARGET_NAME)";
				SWIFT_EMIT_LOC_STRINGS = YES;
				SWIFT_VERSION = 5.0;
				TARGETED_DEVICE_FAMILY = "1,2";
			};
			name = Debug;
		};
		D0EC35DB28CB7ED90080FEC3 /* Release */ = {
			isa = XCBuildConfiguration;
			buildSettings = {
				ASSETCATALOG_COMPILER_APPICON_NAME = AppIcon;
				ASSETCATALOG_COMPILER_GLOBAL_ACCENT_COLOR_NAME = AccentColor;
				CODE_SIGN_STYLE = Automatic;
				CURRENT_PROJECT_VERSION = 1;
				DEVELOPMENT_ASSET_PATHS = "\"SwiftChartsDemo/Preview Content\"";
				DEVELOPMENT_TEAM = S8FBP4YLUA;
				ENABLE_PREVIEWS = YES;
				GENERATE_INFOPLIST_FILE = YES;
				INFOPLIST_KEY_UIApplicationSceneManifest_Generation = YES;
				INFOPLIST_KEY_UIApplicationSupportsIndirectInputEvents = YES;
				INFOPLIST_KEY_UILaunchScreen_Generation = YES;
				INFOPLIST_KEY_UISupportedInterfaceOrientations_iPad = "UIInterfaceOrientationPortrait UIInterfaceOrientationPortraitUpsideDown UIInterfaceOrientationLandscapeLeft UIInterfaceOrientationLandscapeRight";
				INFOPLIST_KEY_UISupportedInterfaceOrientations_iPhone = "UIInterfaceOrientationPortrait UIInterfaceOrientationLandscapeLeft UIInterfaceOrientationLandscapeRight";
				LD_RUNPATH_SEARCH_PATHS = (
					"$(inherited)",
					"@executable_path/Frameworks",
				);
				MARKETING_VERSION = 1.0;
				PRODUCT_BUNDLE_IDENTIFIER = com.leoho.SwiftChartsDemo;
				PRODUCT_NAME = "$(TARGET_NAME)";
				SWIFT_EMIT_LOC_STRINGS = YES;
				SWIFT_VERSION = 5.0;
				TARGETED_DEVICE_FAMILY = "1,2";
			};
			name = Release;
		};
/* End XCBuildConfiguration section */

/* Begin XCConfigurationList section */
		D0EC35C628CB7ED80080FEC3 /* Build configuration list for PBXProject "SwiftChartsDemo" */ = {
			isa = XCConfigurationList;
			buildConfigurations = (
				D0EC35D728CB7ED90080FEC3 /* Debug */,
				D0EC35D828CB7ED90080FEC3 /* Release */,
			);
			defaultConfigurationIsVisible = 0;
			defaultConfigurationName = Release;
		};
		D0EC35D928CB7ED90080FEC3 /* Build configuration list for PBXNativeTarget "SwiftChartsDemo" */ = {
			isa = XCConfigurationList;
			buildConfigurations = (
				D0EC35DA28CB7ED90080FEC3 /* Debug */,
				D0EC35DB28CB7ED90080FEC3 /* Release */,
			);
			defaultConfigurationIsVisible = 0;
			defaultConfigurationName = Release;
		};
/* End XCConfigurationList section */
	};
	rootObject = D0EC35C328CB7ED80080FEC3 /* Project object */;
}
